
Microsoft Visual Studio Solution File, Format Version 12.00
# Visual Studio Version 17
VisualStudioVersion = 17.8.34408.163
MinimumVisualStudioVersion = 10.0.40219.1
Project("{FAE04EC0-301F-11D3-BF4B-00C04F79EFBC}") = "GymGenius", "GymGenius\GymGenius.csproj", "{04DDA2CD-17DC-4CAA-94FE-39CC3A944CA4}"
EndProject
Global
	GlobalSection(SolutionConfigurationPlatforms) = preSolution
		Debug|Any CPU = Debug|Any CPU
		Release|Any CPU = Release|Any CPU
	EndGlobalSection
	GlobalSection(ProjectConfigurationPlatforms) = postSolution
		{04DDA2CD-17DC-4CAA-94FE-39CC3A944CA4}.Debug|Any CPU.ActiveCfg = Debug|Any CPU
		{04DDA2CD-17DC-4CAA-94FE-39CC3A944CA4}.Debug|Any CPU.Build.0 = Debug|Any CPU
		{04DDA2CD-17DC-4CAA-94FE-39CC3A944CA4}.Release|Any CPU.ActiveCfg = Release|Any CPU
		{04DDA2CD-17DC-4CAA-94FE-39CC3A944CA4}.Release|Any CPU.Build.0 = Release|Any CPU
	EndGlobalSection
	GlobalSection(SolutionProperties) = preSolution
		HideSolutionNode = FALSE
	EndGlobalSection
	GlobalSection(ExtensibilityGlobals) = postSolution
		SolutionGuid = {AC118228-FF2B-44EE-B838-526B73568B0D}
	EndGlobalSection
EndGlobal
